
Microsoft Visual Studio Solution File, Format Version 12.00
# Visual Studio Version 17
VisualStudioVersion = 17.0.31903.59
MinimumVisualStudioVersion = 10.0.40219.1
Project("{2150E333-8FDC-42A3-9474-1A3956D46DE8}") = "src", "src", "{827E0CD3-B72D-47B6-A68D-7590B98EB39B}"
EndProject
Project("{FAE04EC0-301F-11D3-BF4B-00C04F79EFBC}") = "Aygaz.ECommerce.Agent", "src\Aygaz.ECommerce.Agent\Aygaz.ECommerce.Agent.csproj", "{A4CB9541-A016-4B6D-BB72-6FCF87BD6B72}"
EndProject
Project("{2150E333-8FDC-42A3-9474-1A3956D46DE8}") = "tests", "tests", "{0AB3BF05-4346-4AA6-1389-037BE0695223}"
EndProject
Project("{FAE04EC0-301F-11D3-BF4B-00C04F79EFBC}") = "Aygaz.ECommerce.Agent.Tests", "tests\Aygaz.ECommerce.Agent.Tests\Aygaz.ECommerce.Agent.Tests.csproj", "{9BF12DB7-4837-4AF9-9F70-128AFFC8E553}"
EndProject
Project("{FAE04EC0-301F-11D3-BF4B-00C04F79EFBC}") = "Aygaz.ECommerce.Web", "src\Aygaz.ECommerce.Web\Aygaz.ECommerce.Web.csproj", "{EFDB5FFD-7172-443D-B58A-9E387D357860}"
EndProject
Project("{FAE04EC0-301F-11D3-BF4B-00C04F79EFBC}") = "Aygaz.AgentFramework", "src\Aygaz.AgentFramework\Aygaz.AgentFramework.csproj", "{5328F034-B636-4B57-8376-B9D8BA6CB6EE}"
EndProject
Project("{FAE04EC0-301F-11D3-BF4B-00C04F79EFBC}") = "Aygaz.AgentFramework.Playground", "src\Aygaz.AgentFramework.Playground\Aygaz.AgentFramework.Playground.csproj", "{984EE68D-23DA-4164-9AD8-395DC8B5C4BD}"
EndProject
Project("{FAE04EC0-301F-11D3-BF4B-00C04F79EFBC}") = "Aygaz.AgentFramework.Tests", "tests\Aygaz.AgentFramework.Tests\Aygaz.AgentFramework.Tests.csproj", "{8E8874C7-02A5-4E02-86A8-9DACA30EE7FD}"
EndProject
Project("{FAE04EC0-301F-11D3-BF4B-00C04F79EFBC}") = "Aygaz.ECommerce.SemanticKernel", "src\Aygaz.ECommerce.SemanticKernel\Aygaz.ECommerce.SemanticKernel.csproj", "{1CC0F151-71FA-45D1-BC3C-9E987F66C577}"
EndProject
Project("{FAE04EC0-301F-11D3-BF4B-00C04F79EFBC}") = "Aygaz.ECommerce.SemanticKernel.Demo", "src\Aygaz.ECommerce.SemanticKernel.Demo\Aygaz.ECommerce.SemanticKernel.Demo.csproj", "{A7247853-1428-4329-B266-B86EE540DCAD}"
EndProject
Project("{FAE04EC0-301F-11D3-BF4B-00C04F79EFBC}") = "Aygaz.ECommerce.SemanticKernel.Tests", "tests\Aygaz.ECommerce.SemanticKernel.Tests\Aygaz.ECommerce.SemanticKernel.Tests.csproj", "{1AFF3CB1-FF9A-4B5F-A7F4-D8C9F6EB41D9}"
EndProject
Global
	GlobalSection(SolutionConfigurationPlatforms) = preSolution
		Debug|Any CPU = Debug|Any CPU
		Debug|x64 = Debug|x64
		Debug|x86 = Debug|x86
		Release|Any CPU = Release|Any CPU
		Release|x64 = Release|x64
		Release|x86 = Release|x86
	EndGlobalSection
	GlobalSection(ProjectConfigurationPlatforms) = postSolution
		{A4CB9541-A016-4B6D-BB72-6FCF87BD6B72}.Debug|Any CPU.ActiveCfg = Debug|Any CPU
		{A4CB9541-A016-4B6D-BB72-6FCF87BD6B72}.Debug|Any CPU.Build.0 = Debug|Any CPU
		{A4CB9541-A016-4B6D-BB72-6FCF87BD6B72}.Debug|x64.ActiveCfg = Debug|Any CPU
		{A4CB9541-A016-4B6D-BB72-6FCF87BD6B72}.Debug|x64.Build.0 = Debug|Any CPU
		{A4CB9541-A016-4B6D-BB72-6FCF87BD6B72}.Debug|x86.ActiveCfg = Debug|Any CPU
		{A4CB9541-A016-4B6D-BB72-6FCF87BD6B72}.Debug|x86.Build.0 = Debug|Any CPU
		{A4CB9541-A016-4B6D-BB72-6FCF87BD6B72}.Release|Any CPU.ActiveCfg = Release|Any CPU
		{A4CB9541-A016-4B6D-BB72-6FCF87BD6B72}.Release|Any CPU.Build.0 = Release|Any CPU
		{A4CB9541-A016-4B6D-BB72-6FCF87BD6B72}.Release|x64.ActiveCfg = Release|Any CPU
		{A4CB9541-A016-4B6D-BB72-6FCF87BD6B72}.Release|x64.Build.0 = Release|Any CPU
		{A4CB9541-A016-4B6D-BB72-6FCF87BD6B72}.Release|x86.ActiveCfg = Release|Any CPU
		{A4CB9541-A016-4B6D-BB72-6FCF87BD6B72}.Release|x86.Build.0 = Release|Any CPU
		{9BF12DB7-4837-4AF9-9F70-128AFFC8E553}.Debug|Any CPU.ActiveCfg = Debug|Any CPU
		{9BF12DB7-4837-4AF9-9F70-128AFFC8E553}.Debug|Any CPU.Build.0 = Debug|Any CPU
		{9BF12DB7-4837-4AF9-9F70-128AFFC8E553}.Debug|x64.ActiveCfg = Debug|Any CPU
		{9BF12DB7-4837-4AF9-9F70-128AFFC8E553}.Debug|x64.Build.0 = Debug|Any CPU
		{9BF12DB7-4837-4AF9-9F70-128AFFC8E553}.Debug|x86.ActiveCfg = Debug|Any CPU
		{9BF12DB7-4837-4AF9-9F70-128AFFC8E553}.Debug|x86.Build.0 = Debug|Any CPU
		{9BF12DB7-4837-4AF9-9F70-128AFFC8E553}.Release|Any CPU.ActiveCfg = Release|Any CPU
		{9BF12DB7-4837-4AF9-9F70-128AFFC8E553}.Release|Any CPU.Build.0 = Release|Any CPU
		{9BF12DB7-4837-4AF9-9F70-128AFFC8E553}.Release|x64.ActiveCfg = Release|Any CPU
		{9BF12DB7-4837-4AF9-9F70-128AFFC8E553}.Release|x64.Build.0 = Release|Any CPU
		{9BF12DB7-4837-4AF9-9F70-128AFFC8E553}.Release|x86.ActiveCfg = Release|Any CPU
		{9BF12DB7-4837-4AF9-9F70-128AFFC8E553}.Release|x86.Build.0 = Release|Any CPU
		{EFDB5FFD-7172-443D-B58A-9E387D357860}.Debug|Any CPU.ActiveCfg = Debug|Any CPU
		{EFDB5FFD-7172-443D-B58A-9E387D357860}.Debug|Any CPU.Build.0 = Debug|Any CPU
		{EFDB5FFD-7172-443D-B58A-9E387D357860}.Debug|x64.ActiveCfg = Debug|Any CPU
		{EFDB5FFD-7172-443D-B58A-9E387D357860}.Debug|x64.Build.0 = Debug|Any CPU
		{EFDB5FFD-7172-443D-B58A-9E387D357860}.Debug|x86.ActiveCfg = Debug|Any CPU
		{EFDB5FFD-7172-443D-B58A-9E387D357860}.Debug|x86.Build.0 = Debug|Any CPU
		{EFDB5FFD-7172-443D-B58A-9E387D357860}.Release|Any CPU.ActiveCfg = Release|Any CPU
		{EFDB5FFD-7172-443D-B58A-9E387D357860}.Release|Any CPU.Build.0 = Release|Any CPU
		{EFDB5FFD-7172-443D-B58A-9E387D357860}.Release|x64.ActiveCfg = Release|Any CPU
		{EFDB5FFD-7172-443D-B58A-9E387D357860}.Release|x64.Build.0 = Release|Any CPU
		{EFDB5FFD-7172-443D-B58A-9E387D357860}.Release|x86.ActiveCfg = Release|Any CPU
		{EFDB5FFD-7172-443D-B58A-9E387D357860}.Release|x86.Build.0 = Release|Any CPU
		{5328F034-B636-4B57-8376-B9D8BA6CB6EE}.Debug|Any CPU.ActiveCfg = Debug|Any CPU
		{5328F034-B636-4B57-8376-B9D8BA6CB6EE}.Debug|Any CPU.Build.0 = Debug|Any CPU
		{5328F034-B636-4B57-8376-B9D8BA6CB6EE}.Debug|x64.ActiveCfg = Debug|Any CPU
		{5328F034-B636-4B57-8376-B9D8BA6CB6EE}.Debug|x64.Build.0 = Debug|Any CPU
		{5328F034-B636-4B57-8376-B9D8BA6CB6EE}.Debug|x86.ActiveCfg = Debug|Any CPU
		{5328F034-B636-4B57-8376-B9D8BA6CB6EE}.Debug|x86.Build.0 = Debug|Any CPU
		{5328F034-B636-4B57-8376-B9D8BA6CB6EE}.Release|Any CPU.ActiveCfg = Release|Any CPU
		{5328F034-B636-4B57-8376-B9D8BA6CB6EE}.Release|Any CPU.Build.0 = Release|Any CPU
		{5328F034-B636-4B57-8376-B9D8BA6CB6EE}.Release|x64.ActiveCfg = Release|Any CPU
		{5328F034-B636-4B57-8376-B9D8BA6CB6EE}.Release|x64.Build.0 = Release|Any CPU
		{5328F034-B636-4B57-8376-B9D8BA6CB6EE}.Release|x86.ActiveCfg = Release|Any CPU
		{5328F034-B636-4B57-8376-B9D8BA6CB6EE}.Release|x86.Build.0 = Release|Any CPU
		{984EE68D-23DA-4164-9AD8-395DC8B5C4BD}.Debug|Any CPU.ActiveCfg = Debug|Any CPU
		{984EE68D-23DA-4164-9AD8-395DC8B5C4BD}.Debug|Any CPU.Build.0 = Debug|Any CPU
		{984EE68D-23DA-4164-9AD8-395DC8B5C4BD}.Debug|x64.ActiveCfg = Debug|Any CPU
		{984EE68D-23DA-4164-9AD8-395DC8B5C4BD}.Debug|x64.Build.0 = Debug|Any CPU
		{984EE68D-23DA-4164-9AD8-395DC8B5C4BD}.Debug|x86.ActiveCfg = Debug|Any CPU
		{984EE68D-23DA-4164-9AD8-395DC8B5C4BD}.Debug|x86.Build.0 = Debug|Any CPU
		{984EE68D-23DA-4164-9AD8-395DC8B5C4BD}.Release|Any CPU.ActiveCfg = Release|Any CPU
		{984EE68D-23DA-4164-9AD8-395DC8B5C4BD}.Release|Any CPU.Build.0 = Release|Any CPU
		{984EE68D-23DA-4164-9AD8-395DC8B5C4BD}.Release|x64.ActiveCfg = Release|Any CPU
		{984EE68D-23DA-4164-9AD8-395DC8B5C4BD}.Release|x64.Build.0 = Release|Any CPU
		{984EE68D-23DA-4164-9AD8-395DC8B5C4BD}.Release|x86.ActiveCfg = Release|Any CPU
		{984EE68D-23DA-4164-9AD8-395DC8B5C4BD}.Release|x86.Build.0 = Release|Any CPU
		{8E8874C7-02A5-4E02-86A8-9DACA30EE7FD}.Debug|Any CPU.ActiveCfg = Debug|Any CPU
		{8E8874C7-02A5-4E02-86A8-9DACA30EE7FD}.Debug|Any CPU.Build.0 = Debug|Any CPU
		{8E8874C7-02A5-4E02-86A8-9DACA30EE7FD}.Debug|x64.ActiveCfg = Debug|Any CPU
		{8E8874C7-02A5-4E02-86A8-9DACA30EE7FD}.Debug|x64.Build.0 = Debug|Any CPU
		{8E8874C7-02A5-4E02-86A8-9DACA30EE7FD}.Debug|x86.ActiveCfg = Debug|Any CPU
		{8E8874C7-02A5-4E02-86A8-9DACA30EE7FD}.Debug|x86.Build.0 = Debug|Any CPU
		{8E8874C7-02A5-4E02-86A8-9DACA30EE7FD}.Release|Any CPU.ActiveCfg = Release|Any CPU
		{8E8874C7-02A5-4E02-86A8-9DACA30EE7FD}.Release|Any CPU.Build.0 = Release|Any CPU
		{8E8874C7-02A5-4E02-86A8-9DACA30EE7FD}.Release|x64.ActiveCfg = Release|Any CPU
		{8E8874C7-02A5-4E02-86A8-9DACA30EE7FD}.Release|x64.Build.0 = Release|Any CPU
		{8E8874C7-02A5-4E02-86A8-9DACA30EE7FD}.Release|x86.ActiveCfg = Release|Any CPU
		{8E8874C7-02A5-4E02-86A8-9DACA30EE7FD}.Release|x86.Build.0 = Release|Any CPU
		{1CC0F151-71FA-45D1-BC3C-9E987F66C577}.Debug|Any CPU.ActiveCfg = Debug|Any CPU
		{1CC0F151-71FA-45D1-BC3C-9E987F66C577}.Debug|Any CPU.Build.0 = Debug|Any CPU
		{1CC0F151-71FA-45D1-BC3C-9E987F66C577}.Debug|x64.ActiveCfg = Debug|Any CPU
		{1CC0F151-71FA-45D1-BC3C-9E987F66C577}.Debug|x64.Build.0 = Debug|Any CPU
		{1CC0F151-71FA-45D1-BC3C-9E987F66C577}.Debug|x86.ActiveCfg = Debug|Any CPU
		{1CC0F151-71FA-45D1-BC3C-9E987F66C577}.Debug|x86.Build.0 = Debug|Any CPU
		{1CC0F151-71FA-45D1-BC3C-9E987F66C577}.Release|Any CPU.ActiveCfg = Release|Any CPU
		{1CC0F151-71FA-45D1-BC3C-9E987F66C577}.Release|Any CPU.Build.0 = Release|Any CPU
		{1CC0F151-71FA-45D1-BC3C-9E987F66C577}.Release|x64.ActiveCfg = Release|Any CPU
		{1CC0F151-71FA-45D1-BC3C-9E987F66C577}.Release|x64.Build.0 = Release|Any CPU
		{1CC0F151-71FA-45D1-BC3C-9E987F66C577}.Release|x86.ActiveCfg = Release|Any CPU
		{1CC0F151-71FA-45D1-BC3C-9E987F66C577}.Release|x86.Build.0 = Release|Any CPU
		{A7247853-1428-4329-B266-B86EE540DCAD}.Debug|Any CPU.ActiveCfg = Debug|Any CPU
		{A7247853-1428-4329-B266-B86EE540DCAD}.Debug|Any CPU.Build.0 = Debug|Any CPU
		{A7247853-1428-4329-B266-B86EE540DCAD}.Debug|x64.ActiveCfg = Debug|Any CPU
		{A7247853-1428-4329-B266-B86EE540DCAD}.Debug|x64.Build.0 = Debug|Any CPU
		{A7247853-1428-4329-B266-B86EE540DCAD}.Debug|x86.ActiveCfg = Debug|Any CPU
		{A7247853-1428-4329-B266-B86EE540DCAD}.Debug|x86.Build.0 = Debug|Any CPU
		{A7247853-1428-4329-B266-B86EE540DCAD}.Release|Any CPU.ActiveCfg = Release|Any CPU
		{A7247853-1428-4329-B266-B86EE540DCAD}.Release|Any CPU.Build.0 = Release|Any CPU
		{A7247853-1428-4329-B266-B86EE540DCAD}.Release|x64.ActiveCfg = Release|Any CPU
		{A7247853-1428-4329-B266-B86EE540DCAD}.Release|x64.Build.0 = Release|Any CPU
		{A7247853-1428-4329-B266-B86EE540DCAD}.Release|x86.ActiveCfg = Release|Any CPU
		{A7247853-1428-4329-B266-B86EE540DCAD}.Release|x86.Build.0 = Release|Any CPU
		{1AFF3CB1-FF9A-4B5F-A7F4-D8C9F6EB41D9}.Debug|Any CPU.ActiveCfg = Debug|Any CPU
		{1AFF3CB1-FF9A-4B5F-A7F4-D8C9F6EB41D9}.Debug|Any CPU.Build.0 = Debug|Any CPU
		{1AFF3CB1-FF9A-4B5F-A7F4-D8C9F6EB41D9}.Debug|x64.ActiveCfg = Debug|Any CPU
		{1AFF3CB1-FF9A-4B5F-A7F4-D8C9F6EB41D9}.Debug|x64.Build.0 = Debug|Any CPU
		{1AFF3CB1-FF9A-4B5F-A7F4-D8C9F6EB41D9}.Debug|x86.ActiveCfg = Debug|Any CPU
		{1AFF3CB1-FF9A-4B5F-A7F4-D8C9F6EB41D9}.Debug|x86.Build.0 = Debug|Any CPU
		{1AFF3CB1-FF9A-4B5F-A7F4-D8C9F6EB41D9}.Release|Any CPU.ActiveCfg = Release|Any CPU
		{1AFF3CB1-FF9A-4B5F-A7F4-D8C9F6EB41D9}.Release|Any CPU.Build.0 = Release|Any CPU
		{1AFF3CB1-FF9A-4B5F-A7F4-D8C9F6EB41D9}.Release|x64.ActiveCfg = Release|Any CPU
		{1AFF3CB1-FF9A-4B5F-A7F4-D8C9F6EB41D9}.Release|x64.Build.0 = Release|Any CPU
		{1AFF3CB1-FF9A-4B5F-A7F4-D8C9F6EB41D9}.Release|x86.ActiveCfg = Release|Any CPU
		{1AFF3CB1-FF9A-4B5F-A7F4-D8C9F6EB41D9}.Release|x86.Build.0 = Release|Any CPU
	EndGlobalSection
	GlobalSection(SolutionProperties) = preSolution
		HideSolutionNode = FALSE
	EndGlobalSection
	GlobalSection(NestedProjects) = preSolution
		{A4CB9541-A016-4B6D-BB72-6FCF87BD6B72} = {827E0CD3-B72D-47B6-A68D-7590B98EB39B}
		{9BF12DB7-4837-4AF9-9F70-128AFFC8E553} = {0AB3BF05-4346-4AA6-1389-037BE0695223}
		{EFDB5FFD-7172-443D-B58A-9E387D357860} = {827E0CD3-B72D-47B6-A68D-7590B98EB39B}
		{5328F034-B636-4B57-8376-B9D8BA6CB6EE} = {827E0CD3-B72D-47B6-A68D-7590B98EB39B}
		{984EE68D-23DA-4164-9AD8-395DC8B5C4BD} = {827E0CD3-B72D-47B6-A68D-7590B98EB39B}
		{8E8874C7-02A5-4E02-86A8-9DACA30EE7FD} = {0AB3BF05-4346-4AA6-1389-037BE0695223}
		{1CC0F151-71FA-45D1-BC3C-9E987F66C577} = {827E0CD3-B72D-47B6-A68D-7590B98EB39B}
		{A7247853-1428-4329-B266-B86EE540DCAD} = {827E0CD3-B72D-47B6-A68D-7590B98EB39B}
		{1AFF3CB1-FF9A-4B5F-A7F4-D8C9F6EB41D9} = {0AB3BF05-4346-4AA6-1389-037BE0695223}
	EndGlobalSection
EndGlobal
